{
  "version": 4,
  "terraform_version": "1.5.7",
  "serial": 203,
  "lineage": "370b3a46-8dc1-e1c1-3856-2a363060576d",
  "outputs": {},
  "resources": [
    {
      "module": "module.main.module.api",
      "mode": "managed",
      "type": "google_project_service",
      "name": "artifact_registry",
      "provider": "module.main.provider[\"registry.terraform.io/hashicorp/google\"]",
      "instances": [
        {
          "schema_version": 0,
          "attributes": {
            "disable_dependent_services": null,
            "disable_on_destroy": true,
            "id": "driplet-core-dev/artifactregistry.googleapis.com",
            "project": "driplet-core-dev",
            "service": "artifactregistry.googleapis.com",
            "timeouts": null
          },
          "sensitive_attributes": [],
          "private": "eyJlMmJmYjczMC1lY2FhLTExZTYtOGY4OC0zNDM2M2JjN2M0YzAiOnsiY3JlYXRlIjoxMjAwMDAwMDAwMDAwLCJkZWxldGUiOjEyMDAwMDAwMDAwMDAsInJlYWQiOjYwMDAwMDAwMDAwMCwidXBkYXRlIjoxMjAwMDAwMDAwMDAwfX0="
        }
      ]
    },
    {
      "module": "module.main.module.api",
      "mode": "managed",
      "type": "google_project_service",
      "name": "bigquery",
      "provider": "module.main.provider[\"registry.terraform.io/hashicorp/google\"]",
      "instances": [
        {
          "schema_version": 0,
          "attributes": {
            "disable_dependent_services": null,
            "disable_on_destroy": true,
            "id": "driplet-core-dev/bigquery.googleapis.com",
            "project": "driplet-core-dev",
            "service": "bigquery.googleapis.com",
            "timeouts": null
          },
          "sensitive_attributes": [],
          "private": "eyJlMmJmYjczMC1lY2FhLTExZTYtOGY4OC0zNDM2M2JjN2M0YzAiOnsiY3JlYXRlIjoxMjAwMDAwMDAwMDAwLCJkZWxldGUiOjEyMDAwMDAwMDAwMDAsInJlYWQiOjYwMDAwMDAwMDAwMCwidXBkYXRlIjoxMjAwMDAwMDAwMDAwfX0="
        }
      ]
    },
    {
      "module": "module.main.module.api",
      "mode": "managed",
      "type": "google_project_service",
      "name": "cloud_run",
      "provider": "module.main.provider[\"registry.terraform.io/hashicorp/google\"]",
      "instances": [
        {
          "schema_version": 0,
          "attributes": {
            "disable_dependent_services": null,
            "disable_on_destroy": true,
            "id": "driplet-core-dev/run.googleapis.com",
            "project": "driplet-core-dev",
            "service": "run.googleapis.com",
            "timeouts": null
          },
          "sensitive_attributes": [],
          "private": "eyJlMmJmYjczMC1lY2FhLTExZTYtOGY4OC0zNDM2M2JjN2M0YzAiOnsiY3JlYXRlIjoxMjAwMDAwMDAwMDAwLCJkZWxldGUiOjEyMDAwMDAwMDAwMDAsInJlYWQiOjYwMDAwMDAwMDAwMCwidXBkYXRlIjoxMjAwMDAwMDAwMDAwfX0="
        }
      ]
    },
    {
      "module": "module.main.module.api",
      "mode": "managed",
      "type": "google_project_service",
      "name": "cloud_sql",
      "provider": "module.main.provider[\"registry.terraform.io/hashicorp/google\"]",
      "instances": [
        {
          "schema_version": 0,
          "attributes": {
            "disable_dependent_services": null,
            "disable_on_destroy": true,
            "id": "driplet-core-dev/sqladmin.googleapis.com",
            "project": "driplet-core-dev",
            "service": "sqladmin.googleapis.com",
            "timeouts": null
          },
          "sensitive_attributes": [],
          "private": "eyJlMmJmYjczMC1lY2FhLTExZTYtOGY4OC0zNDM2M2JjN2M0YzAiOnsiY3JlYXRlIjoxMjAwMDAwMDAwMDAwLCJkZWxldGUiOjEyMDAwMDAwMDAwMDAsInJlYWQiOjYwMDAwMDAwMDAwMCwidXBkYXRlIjoxMjAwMDAwMDAwMDAwfX0="
        }
      ]
    },
    {
      "module": "module.main.module.api",
      "mode": "managed",
      "type": "google_project_service",
      "name": "compute",
      "provider": "module.main.provider[\"registry.terraform.io/hashicorp/google\"]",
      "instances": [
        {
          "schema_version": 0,
          "attributes": {
            "disable_dependent_services": null,
            "disable_on_destroy": true,
            "id": "driplet-core-dev/compute.googleapis.com",
            "project": "driplet-core-dev",
            "service": "compute.googleapis.com",
            "timeouts": null
          },
          "sensitive_attributes": [],
          "private": "eyJlMmJmYjczMC1lY2FhLTExZTYtOGY4OC0zNDM2M2JjN2M0YzAiOnsiY3JlYXRlIjoxMjAwMDAwMDAwMDAwLCJkZWxldGUiOjEyMDAwMDAwMDAwMDAsInJlYWQiOjYwMDAwMDAwMDAwMCwidXBkYXRlIjoxMjAwMDAwMDAwMDAwfX0="
        }
      ]
    },
    {
      "module": "module.main.module.api",
      "mode": "managed",
      "type": "google_project_service",
      "name": "iam",
      "provider": "module.main.provider[\"registry.terraform.io/hashicorp/google\"]",
      "instances": [
        {
          "schema_version": 0,
          "attributes": {
            "disable_dependent_services": null,
            "disable_on_destroy": true,
            "id": "driplet-core-dev/iam.googleapis.com",
            "project": "driplet-core-dev",
            "service": "iam.googleapis.com",
            "timeouts": null
          },
          "sensitive_attributes": [],
          "private": "eyJlMmJmYjczMC1lY2FhLTExZTYtOGY4OC0zNDM2M2JjN2M0YzAiOnsiY3JlYXRlIjoxMjAwMDAwMDAwMDAwLCJkZWxldGUiOjEyMDAwMDAwMDAwMDAsInJlYWQiOjYwMDAwMDAwMDAwMCwidXBkYXRlIjoxMjAwMDAwMDAwMDAwfX0="
        }
      ]
    },
    {
      "module": "module.main.module.api",
      "mode": "managed",
      "type": "google_project_service",
      "name": "pubsub",
      "provider": "module.main.provider[\"registry.terraform.io/hashicorp/google\"]",
      "instances": [
        {
          "schema_version": 0,
          "attributes": {
            "disable_dependent_services": null,
            "disable_on_destroy": true,
            "id": "driplet-core-dev/pubsub.googleapis.com",
            "project": "driplet-core-dev",
            "service": "pubsub.googleapis.com",
            "timeouts": null
          },
          "sensitive_attributes": [],
          "private": "eyJlMmJmYjczMC1lY2FhLTExZTYtOGY4OC0zNDM2M2JjN2M0YzAiOnsiY3JlYXRlIjoxMjAwMDAwMDAwMDAwLCJkZWxldGUiOjEyMDAwMDAwMDAwMDAsInJlYWQiOjYwMDAwMDAwMDAwMCwidXBkYXRlIjoxMjAwMDAwMDAwMDAwfX0="
        }
      ]
    },
    {
      "module": "module.main.module.api",
      "mode": "managed",
      "type": "google_project_service",
      "name": "secret_manager",
      "provider": "module.main.provider[\"registry.terraform.io/hashicorp/google\"]",
      "instances": [
        {
          "schema_version": 0,
          "attributes": {
            "disable_dependent_services": null,
            "disable_on_destroy": true,
            "id": "driplet-core-dev/secretmanager.googleapis.com",
            "project": "driplet-core-dev",
            "service": "secretmanager.googleapis.com",
            "timeouts": null
          },
          "sensitive_attributes": [],
          "private": "eyJlMmJmYjczMC1lY2FhLTExZTYtOGY4OC0zNDM2M2JjN2M0YzAiOnsiY3JlYXRlIjoxMjAwMDAwMDAwMDAwLCJkZWxldGUiOjEyMDAwMDAwMDAwMDAsInJlYWQiOjYwMDAwMDAwMDAwMCwidXBkYXRlIjoxMjAwMDAwMDAwMDAwfX0="
        }
      ]
    },
    {
      "module": "module.main.module.api",
      "mode": "managed",
      "type": "google_project_service",
      "name": "service_networking",
      "provider": "module.main.provider[\"registry.terraform.io/hashicorp/google\"]",
      "instances": [
        {
          "schema_version": 0,
          "attributes": {
            "disable_dependent_services": null,
            "disable_on_destroy": true,
            "id": "driplet-core-dev/servicenetworking.googleapis.com",
            "project": "driplet-core-dev",
            "service": "servicenetworking.googleapis.com",
            "timeouts": null
          },
          "sensitive_attributes": [],
          "private": "eyJlMmJmYjczMC1lY2FhLTExZTYtOGY4OC0zNDM2M2JjN2M0YzAiOnsiY3JlYXRlIjoxMjAwMDAwMDAwMDAwLCJkZWxldGUiOjEyMDAwMDAwMDAwMDAsInJlYWQiOjYwMDAwMDAwMDAwMCwidXBkYXRlIjoxMjAwMDAwMDAwMDAwfX0="
        }
      ]
    },
    {
      "module": "module.main.module.bigquery",
      "mode": "managed",
      "type": "google_bigquery_dataset",
      "name": "dataset",
      "provider": "module.main.provider[\"registry.terraform.io/hashicorp/google\"]",
      "instances": [
        {
          "schema_version": 0,
          "attributes": {
            "access": [
              {
                "dataset": [],
                "domain": "",
                "group_by_email": "",
                "iam_member": "",
                "role": "OWNER",
                "routine": [],
                "special_group": "",
                "user_by_email": "timo.weiser@codify.ch",
                "view": []
              },
              {
                "dataset": [],
                "domain": "",
                "group_by_email": "",
                "iam_member": "",
                "role": "OWNER",
                "routine": [],
                "special_group": "projectOwners",
                "user_by_email": "",
                "view": []
              },
              {
                "dataset": [],
                "domain": "",
                "group_by_email": "",
                "iam_member": "",
                "role": "READER",
                "routine": [],
                "special_group": "projectReaders",
                "user_by_email": "",
                "view": []
              },
              {
                "dataset": [],
                "domain": "",
                "group_by_email": "",
                "iam_member": "",
                "role": "WRITER",
                "routine": [],
                "special_group": "projectWriters",
                "user_by_email": "",
                "view": []
              }
            ],
            "creation_time": 1731914878775,
            "dataset_id": "source",
            "default_collation": "",
            "default_encryption_configuration": [],
            "default_partition_expiration_ms": 0,
            "default_table_expiration_ms": 0,
            "delete_contents_on_destroy": false,
            "description": "",
            "effective_labels": {
              "environment": "dev",
              "goog-terraform-provisioned": "true",
              "managed_by": "terraform"
            },
            "etag": "+Yy+c5s2ut6kgJjw91WD9A==",
            "external_dataset_reference": [],
            "friendly_name": "",
            "id": "projects/driplet-core-dev/datasets/source",
            "is_case_insensitive": false,
            "labels": {
              "environment": "dev",
              "managed_by": "terraform"
            },
            "last_modified_time": 1731914878775,
            "location": "EU",
            "max_time_travel_hours": "168",
            "project": "driplet-core-dev",
            "resource_tags": {},
            "self_link": "https://bigquery.googleapis.com/bigquery/v2/projects/driplet-core-dev/datasets/source",
            "storage_billing_model": "",
            "terraform_labels": {
              "environment": "dev",
              "goog-terraform-provisioned": "true",
              "managed_by": "terraform"
            },
            "timeouts": null
          },
          "sensitive_attributes": [],
          "private": "eyJlMmJmYjczMC1lY2FhLTExZTYtOGY4OC0zNDM2M2JjN2M0YzAiOnsiY3JlYXRlIjoxMjAwMDAwMDAwMDAwLCJkZWxldGUiOjEyMDAwMDAwMDAwMDAsInVwZGF0ZSI6MTIwMDAwMDAwMDAwMH19",
          "dependencies": [
            "module.main.module.iam.google_project_iam_member.driplet_service_cloudsql_connector",
            "module.main.module.iam.google_project_iam_member.driplet_service_pubsub_publisher",
            "module.main.module.iam.google_project_iam_member.pubsub_bigquery_access",
            "module.main.module.iam.google_project_iam_member.pubsub_bigquery_writer",
            "module.main.module.iam.google_project_service_identity.pubsub",
            "module.main.module.iam.google_service_account.driplet_service_account"
          ]
        }
      ]
    },
    {
      "module": "module.main.module.bigquery",
      "mode": "managed",
      "type": "google_bigquery_table",
      "name": "table",
      "provider": "module.main.provider[\"registry.terraform.io/hashicorp/google\"]",
      "instances": [
        {
          "schema_version": 0,
          "attributes": {
            "biglake_configuration": [],
            "clustering": null,
            "creation_time": 1731914880456,
            "dataset_id": "source",
            "deletion_protection": false,
            "description": "",
            "effective_labels": {
              "goog-terraform-provisioned": "true"
            },
            "encryption_configuration": [],
            "etag": "jYALrRGHdNUS5srL9r/QnA==",
            "expiration_time": 0,
            "external_data_configuration": [],
            "friendly_name": "",
            "id": "projects/driplet-core-dev/datasets/source/tables/client_events",
            "labels": {},
            "last_modified_time": 1731914880724,
            "location": "EU",
            "materialized_view": [],
            "max_staleness": "",
            "num_bytes": 0,
            "num_long_term_bytes": 0,
            "num_rows": 0,
            "project": "driplet-core-dev",
            "range_partitioning": [],
            "require_partition_filter": false,
            "resource_tags": {},
            "schema": "[{\"description\":\"The data\",\"mode\":\"NULLABLE\",\"name\":\"data\",\"type\":\"STRING\"}]",
            "self_link": "https://bigquery.googleapis.com/bigquery/v2/projects/driplet-core-dev/datasets/source/tables/client_events",
            "table_constraints": [],
            "table_id": "client_events",
            "table_replication_info": [],
            "terraform_labels": {
              "goog-terraform-provisioned": "true"
            },
            "time_partitioning": [],
            "type": "TABLE",
            "view": []
          },
          "sensitive_attributes": [],
          "private": "bnVsbA==",
          "dependencies": [
            "module.main.module.bigquery.google_bigquery_dataset.dataset",
            "module.main.module.iam.google_project_iam_member.driplet_service_cloudsql_connector",
            "module.main.module.iam.google_project_iam_member.driplet_service_pubsub_publisher",
            "module.main.module.iam.google_project_iam_member.pubsub_bigquery_access",
            "module.main.module.iam.google_project_iam_member.pubsub_bigquery_writer",
            "module.main.module.iam.google_project_service_identity.pubsub",
            "module.main.module.iam.google_service_account.driplet_service_account"
          ]
        }
      ]
    },
    {
      "module": "module.main.module.compute",
      "mode": "managed",
      "type": "google_cloud_run_service_iam_member",
      "name": "service_invoker",
      "provider": "module.main.provider[\"registry.terraform.io/hashicorp/google\"]",
      "instances": [
        {
          "schema_version": 0,
          "attributes": {
            "condition": [],
            "etag": "BwYm5aWRZz0=",
            "id": "v1/projects/driplet-core-dev/locations/europe-west1/services/driplet-service/roles/run.invoker/allUsers",
            "location": "europe-west1",
            "member": "allUsers",
            "project": "driplet-core-dev",
            "role": "roles/run.invoker",
            "service": "v1/projects/driplet-core-dev/locations/europe-west1/services/driplet-service"
          },
          "sensitive_attributes": [],
          "private": "bnVsbA==",
          "dependencies": [
            "module.main.module.api.google_project_service.artifact_registry",
            "module.main.module.api.google_project_service.bigquery",
            "module.main.module.api.google_project_service.cloud_run",
            "module.main.module.api.google_project_service.cloud_sql",
            "module.main.module.api.google_project_service.compute",
            "module.main.module.api.google_project_service.iam",
            "module.main.module.api.google_project_service.pubsub",
            "module.main.module.api.google_project_service.secret_manager",
            "module.main.module.api.google_project_service.service_networking",
            "module.main.module.compute.google_cloud_run_v2_service.driplet_service",
            "module.main.module.database.google_sql_database_instance.driplet_application_db",
            "module.main.module.database.google_sql_user.driplet_application_db_user",
            "module.main.module.database.random_password.driplet_application_db_password",
            "module.main.module.iam.google_service_account.driplet_service_account",
            "module.main.module.secrets.google_secret_manager_secret.oauth2_client_id",
            "module.main.module.secrets.google_secret_manager_secret.oauth2_client_secret",
            "module.main.module.secrets.google_secret_manager_secret.session_secret",
            "module.main.module.secrets.google_secret_manager_secret_iam_member.oauth2_client_id_member",
            "module.main.module.secrets.google_secret_manager_secret_iam_member.oauth2_client_secret_member",
            "module.main.module.secrets.google_secret_manager_secret_iam_member.session_auth_secret"
          ]
        }
      ]
    },
    {
      "module": "module.main.module.compute",
      "mode": "managed",
      "type": "google_cloud_run_v2_service",
      "name": "driplet_service",
      "provider": "module.main.provider[\"registry.terraform.io/hashicorp/google\"]",
      "instances": [
        {
          "schema_version": 0,
          "attributes": {
            "annotations": {},
            "binary_authorization": [],
            "client": "",
            "client_version": "",
            "conditions": [
              {
                "execution_reason": "",
                "last_transition_time": "2024-11-14T20:53:39.690485Z",
                "message": "",
                "reason": "",
                "revision_reason": "",
                "severity": "",
                "state": "CONDITION_SUCCEEDED",
                "type": "RoutesReady"
              },
              {
                "execution_reason": "",
                "last_transition_time": "2024-11-14T20:53:38.476899Z",
                "message": "",
                "reason": "",
                "revision_reason": "",
                "severity": "",
                "state": "CONDITION_SUCCEEDED",
                "type": "ConfigurationsReady"
              }
            ],
            "create_time": "2024-11-14T20:53:15.971600Z",
            "creator": "timo.weiser@codify.ch",
            "custom_audiences": [],
            "delete_time": "",
            "deletion_protection": false,
            "description": "",
            "effective_annotations": {},
            "effective_labels": {
              "goog-terraform-provisioned": "true"
            },
            "etag": "\"CLvG2bkGEIDhpc8D/cHJvamVjdHMvZHJpcGxldC1jb3JlLWRldi9sb2NhdGlvbnMvZXVyb3BlLXdlc3QxL3NlcnZpY2VzL2RyaXBsZXQtc2VydmljZQ\"",
            "expire_time": "",
            "generation": "1",
            "id": "projects/driplet-core-dev/locations/europe-west1/services/driplet-service",
            "ingress": "INGRESS_TRAFFIC_INTERNAL_LOAD_BALANCER",
            "invoker_iam_disabled": false,
            "labels": {},
            "last_modifier": "timo.weiser@codify.ch",
            "latest_created_revision": "projects/driplet-core-dev/locations/europe-west1/services/driplet-service/revisions/driplet-service-00001-2pv",
            "latest_ready_revision": "projects/driplet-core-dev/locations/europe-west1/services/driplet-service/revisions/driplet-service-00001-2pv",
            "launch_stage": "GA",
            "location": "europe-west1",
            "name": "driplet-service",
            "observed_generation": "1",
            "project": "driplet-core-dev",
            "reconciling": false,
            "scaling": [],
            "template": [
              {
                "annotations": {},
                "containers": [
                  {
                    "args": [],
                    "command": [],
                    "depends_on": [],
                    "env": [
                      {
                        "name": "GOOGLE_CALLBACK_URL",
                        "value": "https://dev.driplet.codify.ch/auth/google/callback",
                        "value_source": []
                      },
                      {
                        "name": "GOOGLE_CLIENT_ID",
                        "value": "",
                        "value_source": [
                          {
                            "secret_key_ref": [
                              {
                                "secret": "projects/driplet-core-dev/secrets/oauth2-client-id",
                                "version": "latest"
                              }
                            ]
                          }
                        ]
                      },
                      {
                        "name": "GOOGLE_CLIENT_SECRET",
                        "value": "",
                        "value_source": [
                          {
                            "secret_key_ref": [
                              {
                                "secret": "projects/driplet-core-dev/secrets/oauth2-client-secret",
                                "version": "latest"
                              }
                            ]
                          }
                        ]
                      },
                      {
                        "name": "GOOGLE_PROJECT_ID",
                        "value": "driplet-core-dev",
                        "value_source": []
                      },
                      {
                        "name": "GOOGLE_PUBSUB_TOPIC_CLIENT_EVENTS",
                        "value": "client-events",
                        "value_source": []
                      },
                      {
                        "name": "POSTGRES_CONNECTION_STRING",
                        "value": "postgresql://driplet_application_user:alAu4IcNF1kqO11CmAggictObY4LgVUgFGJVrFn2hJLQKGY9BOFLCfweSy20CNYX@/postgres?host=/cloudsql/driplet-core-dev:europe-west1:driplet-application-db",
                        "value_source": []
                      },
                      {
                        "name": "PUBSUB_PROJECT_ID",
                        "value": "driplet-core-dev",
                        "value_source": []
                      },
                      {
                        "name": "SESSION_SECRET",
                        "value": "",
                        "value_source": [
                          {
                            "secret_key_ref": [
                              {
                                "secret": "projects/driplet-core-dev/secrets/session-secret",
                                "version": "latest"
                              }
                            ]
                          }
                        ]
                      }
                    ],
                    "image": "europe-west1-docker.pkg.dev/driplet-core-dev/driplet-repository/driplet:latest",
                    "liveness_probe": [],
                    "name": "",
                    "ports": [
                      {
                        "container_port": 1991,
                        "name": "http1"
                      }
                    ],
                    "resources": [
                      {
                        "cpu_idle": true,
                        "limits": {
                          "cpu": "1000m",
                          "memory": "512Mi"
                        },
                        "startup_cpu_boost": false
                      }
                    ],
                    "startup_probe": [
                      {
                        "failure_threshold": 1,
                        "grpc": [],
                        "http_get": [],
                        "initial_delay_seconds": 0,
                        "period_seconds": 240,
                        "tcp_socket": [
                          {
                            "port": 1991
                          }
                        ],
                        "timeout_seconds": 240
                      }
                    ],
                    "volume_mounts": [
                      {
                        "mount_path": "/cloudsql",
                        "name": "cloudsql"
                      }
                    ],
                    "working_dir": ""
                  }
                ],
                "encryption_key": "",
                "execution_environment": "",
                "labels": {},
                "max_instance_request_concurrency": 80,
                "revision": "",
                "scaling": [
                  {
                    "max_instance_count": 100,
                    "min_instance_count": 0
                  }
                ],
                "service_account": "driplet-service-account@driplet-core-dev.iam.gserviceaccount.com",
                "session_affinity": false,
                "timeout": "300s",
                "volumes": [
                  {
                    "cloud_sql_instance": [
                      {
                        "instances": [
                          "driplet-core-dev:europe-west1:driplet-application-db"
                        ]
                      }
                    ],
                    "gcs": [],
                    "name": "cloudsql",
                    "nfs": [],
                    "secret": []
                  }
                ],
                "vpc_access": []
              }
            ],
            "terminal_condition": [
              {
                "execution_reason": "",
                "last_transition_time": "2024-11-14T20:53:39.718061Z",
                "message": "",
                "reason": "",
                "revision_reason": "",
                "severity": "",
                "state": "CONDITION_SUCCEEDED",
                "type": "Ready"
              }
            ],
            "terraform_labels": {
              "goog-terraform-provisioned": "true"
            },
            "timeouts": null,
            "traffic": [
              {
                "percent": 100,
                "revision": "",
                "tag": "",
                "type": "TRAFFIC_TARGET_ALLOCATION_TYPE_LATEST"
              }
            ],
            "traffic_statuses": [
              {
                "percent": 100,
                "revision": "",
                "tag": "",
                "type": "TRAFFIC_TARGET_ALLOCATION_TYPE_LATEST",
                "uri": ""
              }
            ],
            "uid": "fe620220-5698-4eaa-a6a6-d4dccbbf8d3b",
            "update_time": "2024-11-14T20:53:15.971600Z",
            "uri": "https://driplet-service-ecl72yiw7a-ew.a.run.app"
          },
          "sensitive_attributes": [
            [
              {
                "type": "get_attr",
                "value": "template"
              },
              {
                "type": "index",
                "value": {
                  "value": 0,
                  "type": "number"
                }
              },
              {
                "type": "get_attr",
                "value": "containers"
              },
              {
                "type": "index",
                "value": {
                  "value": 0,
                  "type": "number"
                }
              },
              {
                "type": "get_attr",
                "value": "env"
              }
            ]
          ],
          "private": "eyJlMmJmYjczMC1lY2FhLTExZTYtOGY4OC0zNDM2M2JjN2M0YzAiOnsiY3JlYXRlIjoxMjAwMDAwMDAwMDAwLCJkZWxldGUiOjEyMDAwMDAwMDAwMDAsInVwZGF0ZSI6MTIwMDAwMDAwMDAwMH19",
          "dependencies": [
            "module.main.module.api.google_project_service.artifact_registry",
            "module.main.module.api.google_project_service.bigquery",
            "module.main.module.api.google_project_service.cloud_run",
            "module.main.module.api.google_project_service.cloud_sql",
            "module.main.module.api.google_project_service.compute",
            "module.main.module.api.google_project_service.iam",
            "module.main.module.api.google_project_service.pubsub",
            "module.main.module.api.google_project_service.secret_manager",
            "module.main.module.api.google_project_service.service_networking",
            "module.main.module.database.google_sql_database_instance.driplet_application_db",
            "module.main.module.database.google_sql_user.driplet_application_db_user",
            "module.main.module.database.random_password.driplet_application_db_password",
            "module.main.module.iam.google_service_account.driplet_service_account",
            "module.main.module.secrets.google_secret_manager_secret.oauth2_client_id",
            "module.main.module.secrets.google_secret_manager_secret.oauth2_client_secret",
            "module.main.module.secrets.google_secret_manager_secret.session_secret",
            "module.main.module.secrets.google_secret_manager_secret_iam_member.oauth2_client_id_member",
            "module.main.module.secrets.google_secret_manager_secret_iam_member.oauth2_client_secret_member",
            "module.main.module.secrets.google_secret_manager_secret_iam_member.session_auth_secret"
          ]
        }
      ]
    },
    {
      "module": "module.main.module.compute",
      "mode": "managed",
      "type": "google_project_service",
      "name": "cloud_run",
      "provider": "module.main.provider[\"registry.terraform.io/hashicorp/google\"]",
      "instances": [
        {
          "schema_version": 0,
          "attributes": {
            "disable_dependent_services": null,
            "disable_on_destroy": true,
            "id": "driplet-core-dev/run.googleapis.com",
            "project": "driplet-core-dev",
            "service": "run.googleapis.com",
            "timeouts": null
          },
          "sensitive_attributes": [],
          "private": "eyJlMmJmYjczMC1lY2FhLTExZTYtOGY4OC0zNDM2M2JjN2M0YzAiOnsiY3JlYXRlIjoxMjAwMDAwMDAwMDAwLCJkZWxldGUiOjEyMDAwMDAwMDAwMDAsInJlYWQiOjYwMDAwMDAwMDAwMCwidXBkYXRlIjoxMjAwMDAwMDAwMDAwfX0=",
          "dependencies": [
            "module.main.module.api.google_project_service.artifact_registry",
            "module.main.module.api.google_project_service.bigquery",
            "module.main.module.api.google_project_service.cloud_run",
            "module.main.module.api.google_project_service.cloud_sql",
            "module.main.module.api.google_project_service.compute",
            "module.main.module.api.google_project_service.iam",
            "module.main.module.api.google_project_service.pubsub",
            "module.main.module.api.google_project_service.secret_manager",
            "module.main.module.api.google_project_service.service_networking",
            "module.main.module.iam.google_service_account.driplet_service_account",
            "module.main.module.secrets.google_secret_manager_secret.oauth2_client_id",
            "module.main.module.secrets.google_secret_manager_secret.oauth2_client_secret",
            "module.main.module.secrets.google_secret_manager_secret.session_secret",
            "module.main.module.secrets.google_secret_manager_secret_iam_member.oauth2_client_id_member",
            "module.main.module.secrets.google_secret_manager_secret_iam_member.oauth2_client_secret_member",
            "module.main.module.secrets.google_secret_manager_secret_iam_member.session_auth_secret"
          ]
        }
      ]
    },
    {
      "module": "module.main.module.database",
      "mode": "managed",
      "type": "google_sql_database_instance",
      "name": "driplet_application_db",
      "provider": "module.main.provider[\"registry.terraform.io/hashicorp/google\"]",
      "instances": [
        {
          "schema_version": 0,
          "attributes": {
            "available_maintenance_versions": [
              "POSTGRES_17_0.R20241011.00_03"
            ],
            "clone": [],
            "connection_name": "driplet-core-dev:europe-west1:driplet-application-db",
            "database_version": "POSTGRES_17",
            "deletion_protection": true,
            "dns_name": "",
            "encryption_key_name": null,
            "first_ip_address": "35.205.187.58",
            "id": "driplet-application-db",
            "instance_type": "CLOUD_SQL_INSTANCE",
            "ip_address": [
              {
                "ip_address": "35.205.187.58",
                "time_to_retire": "",
                "type": "PRIMARY"
              },
              {
                "ip_address": "35.195.112.136",
                "time_to_retire": "",
                "type": "OUTGOING"
              }
            ],
            "maintenance_version": "POSTGRES_17_0.R20241011.00_01",
            "master_instance_name": "",
            "name": "driplet-application-db",
            "private_ip_address": "",
            "project": "driplet-core-dev",
            "psc_service_attachment_link": "",
            "public_ip_address": "35.205.187.58",
            "region": "europe-west1",
            "replica_configuration": [],
            "restore_backup_context": [],
            "root_password": null,
            "self_link": "https://sqladmin.googleapis.com/sql/v1beta4/projects/driplet-core-dev/instances/driplet-application-db",
            "server_ca_cert": [
              {
                "cert": "-----BEGIN CERTIFICATE-----\nMIIDfzCCAmegAwIBAgIBADANBgkqhkiG9w0BAQsFADB3MS0wKwYDVQQuEyQzZjI3\nMzYxNC1mNjgxLTRjOTktYTc4OC1mYWM5NjM3N2IwMjExIzAhBgNVBAMTGkdvb2ds\nZSBDbG91ZCBTUUwgU2VydmVyIENBMRQwEgYDVQQKEwtHb29nbGUsIEluYzELMAkG\nA1UEBhMCVVMwHhcNMjQxMTE0MTk1NzIwWhcNMzQxMTEyMTk1ODIwWjB3MS0wKwYD\nVQQuEyQzZjI3MzYxNC1mNjgxLTRjOTktYTc4OC1mYWM5NjM3N2IwMjExIzAhBgNV\nBAMTGkdvb2dsZSBDbG91ZCBTUUwgU2VydmVyIENBMRQwEgYDVQQKEwtHb29nbGUs\nIEluYzELMAkGA1UEBhMCVVMwggEiMA0GCSqGSIb3DQEBAQUAA4IBDwAwggEKAoIB\nAQC8nFekUlY/8ZSQrTXcofxh49KsSXGtg9pC/s3dbnMmrKG+EO6AJAsdiIxPfnZb\nLS3TCgM29Mzi7HaCzsWd36/toOpZ6H56/VxW/hNLyAvqM9TnP83bJRTuGbnoMFe/\nXgSX2MO7Tmon4dO7eMzPXUxbgg5dWmHo5VZmoGWuM3bJjFdPsQLeaMC96ztaxbC7\nXV22gEKmv/t4i7od80sJFN5hrc/y/rWA3O0xqAoBZJqujBk8pWbSsX/6+ZnyfnUT\n9agwdau/qGy5muJtIobPxHyHYZaLsccFSISNGO8Oa65r5kXNk8vvc2ggKJY+8O4C\n90JGBzUZiGbfRf89kNwc1RtNAgMBAAGjFjAUMBIGA1UdEwEB/wQIMAYBAf8CAQAw\nDQYJKoZIhvcNAQELBQADggEBABCK8uMK1VW5YwRPQNRe7ErX561ZGUznYIj92YUc\n1H91QSeT/hVuI/vus0jEjpEw2V8TFv1nacc6QihKW+hYUh/qe5m36BgczsoDezWt\nGR6yAEowAGNBo4h87/K8kZjd92u7MH+Akm7orhrHu9I2Wr1WNdxCkIC3OYhd/dww\nxdtAzjacznAw2bHzuuoFntl0KZ+p5aUelNuLyvT/Y2KpzuPZTFs93YcdIHL/BswS\nvyxQ6tgei/Y3EI2p1gTtcDDc8uR95vcPdQhyceXA/yFbL2IFwS6ta0/MIqF2yQcs\nsAaMntx1e3SkWsWFlpwp08O/Oz9G2eU2u81kVvx+FnudGys=\n-----END CERTIFICATE-----",
                "common_name": "C=US,O=Google\\, Inc,CN=Google Cloud SQL Server CA,dnQualifier=3f273614-f681-4c99-a788-fac96377b021",
                "create_time": "2024-11-14T19:57:20.804Z",
                "expiration_time": "2034-11-12T19:58:20.804Z",
                "sha1_fingerprint": "d3ea46e6c93215eddf1f6f0e46ef868acb11d716"
              }
            ],
            "service_account_email_address": "p195952802985-yi0v76@gcp-sa-cloud-sql.iam.gserviceaccount.com",
            "settings": [
              {
                "activation_policy": "ALWAYS",
                "active_directory_config": [],
                "advanced_machine_features": [],
                "availability_type": "ZONAL",
                "backup_configuration": [
                  {
                    "backup_retention_settings": [
                      {
                        "retained_backups": 15,
                        "retention_unit": "COUNT"
                      }
                    ],
                    "binary_log_enabled": false,
                    "enabled": true,
                    "location": "",
                    "point_in_time_recovery_enabled": true,
                    "start_time": "10:00",
                    "transaction_log_retention_days": 14
                  }
                ],
                "collation": "",
                "connector_enforcement": "NOT_REQUIRED",
                "data_cache_config": [
                  {
                    "data_cache_enabled": true
                  }
                ],
                "database_flags": [
                  {
                    "name": "cloudsql.iam_authentication",
                    "value": "on"
                  }
                ],
                "deletion_protection_enabled": false,
                "deny_maintenance_period": [],
                "disk_autoresize": true,
                "disk_autoresize_limit": 0,
                "disk_size": 10,
                "disk_type": "PD_SSD",
                "edition": "ENTERPRISE_PLUS",
                "enable_dataplex_integration": false,
                "enable_google_ml_integration": false,
                "insights_config": [],
                "ip_configuration": [
                  {
                    "allocated_ip_range": "",
                    "authorized_networks": [],
                    "enable_private_path_for_google_cloud_services": false,
                    "ipv4_enabled": true,
                    "private_network": "",
                    "psc_config": [],
                    "server_ca_mode": "GOOGLE_MANAGED_INTERNAL_CA",
                    "ssl_mode": "ALLOW_UNENCRYPTED_AND_ENCRYPTED"
                  }
                ],
                "location_preference": [
                  {
                    "follow_gae_application": "",
                    "secondary_zone": "",
                    "zone": "europe-west1-d"
                  }
                ],
                "maintenance_window": [],
                "password_validation_policy": [],
                "pricing_plan": "PER_USE",
                "sql_server_audit_config": [],
                "tier": "db-perf-optimized-N-2",
                "time_zone": "",
                "user_labels": {},
                "version": 6
              }
            ],
            "timeouts": null
          },
          "sensitive_attributes": [],
          "private": "eyJlMmJmYjczMC1lY2FhLTExZTYtOGY4OC0zNDM2M2JjN2M0YzAiOnsiY3JlYXRlIjo1NDAwMDAwMDAwMDAwLCJkZWxldGUiOjU0MDAwMDAwMDAwMDAsInVwZGF0ZSI6NTQwMDAwMDAwMDAwMH19",
          "dependencies": [
            "module.main.module.api.google_project_service.artifact_registry",
            "module.main.module.api.google_project_service.bigquery",
            "module.main.module.api.google_project_service.cloud_run",
            "module.main.module.api.google_project_service.cloud_sql",
            "module.main.module.api.google_project_service.compute",
            "module.main.module.api.google_project_service.iam",
            "module.main.module.api.google_project_service.pubsub",
            "module.main.module.api.google_project_service.secret_manager",
            "module.main.module.api.google_project_service.service_networking"
          ]
        }
      ]
    },
    {
      "module": "module.main.module.database",
      "mode": "managed",
      "type": "google_sql_user",
      "name": "driplet_application_db_user",
      "provider": "module.main.provider[\"registry.terraform.io/hashicorp/google\"]",
      "instances": [
        {
          "schema_version": 1,
          "attributes": {
            "deletion_policy": null,
            "host": "",
            "id": "driplet_application_user//driplet-application-db",
            "instance": "driplet-application-db",
            "name": "driplet_application_user",
            "password": "alAu4IcNF1kqO11CmAggictObY4LgVUgFGJVrFn2hJLQKGY9BOFLCfweSy20CNYX",
            "password_policy": [],
            "project": "driplet-core-dev",
            "sql_server_user_details": [],
            "timeouts": null,
            "type": ""
          },
          "sensitive_attributes": [
            [
              {
                "type": "get_attr",
                "value": "password"
              }
            ]
          ],
          "private": "eyJlMmJmYjczMC1lY2FhLTExZTYtOGY4OC0zNDM2M2JjN2M0YzAiOnsiY3JlYXRlIjo2MDAwMDAwMDAwMDAsImRlbGV0ZSI6NjAwMDAwMDAwMDAwLCJ1cGRhdGUiOjYwMDAwMDAwMDAwMH0sInNjaGVtYV92ZXJzaW9uIjoiMSJ9",
          "dependencies": [
            "module.main.module.api.google_project_service.artifact_registry",
            "module.main.module.api.google_project_service.bigquery",
            "module.main.module.api.google_project_service.cloud_run",
            "module.main.module.api.google_project_service.cloud_sql",
            "module.main.module.api.google_project_service.compute",
            "module.main.module.api.google_project_service.iam",
            "module.main.module.api.google_project_service.pubsub",
            "module.main.module.api.google_project_service.secret_manager",
            "module.main.module.api.google_project_service.service_networking",
            "module.main.module.database.google_sql_database_instance.driplet_application_db",
            "module.main.module.database.random_password.driplet_application_db_password"
          ]
        }
      ]
    },
    {
      "module": "module.main.module.database",
      "mode": "managed",
      "type": "random_password",
      "name": "driplet_application_db_password",
      "provider": "provider[\"registry.terraform.io/hashicorp/random\"]",
      "instances": [
        {
          "schema_version": 3,
          "attributes": {
            "bcrypt_hash": "$2a$10$KctjPjIZDuRCsKE2aPvcQeSw1kIykWvt1UbqevhvpIfSvzHFS4A4a",
            "id": "none",
            "keepers": null,
            "length": 64,
            "lower": true,
            "min_lower": 5,
            "min_numeric": 0,
            "min_special": 0,
            "min_upper": 5,
            "number": true,
            "numeric": true,
            "override_special": null,
            "result": "alAu4IcNF1kqO11CmAggictObY4LgVUgFGJVrFn2hJLQKGY9BOFLCfweSy20CNYX",
            "special": false,
            "upper": true
          },
          "sensitive_attributes": [],
          "dependencies": [
            "module.main.module.api.google_project_service.artifact_registry",
            "module.main.module.api.google_project_service.bigquery",
            "module.main.module.api.google_project_service.cloud_run",
            "module.main.module.api.google_project_service.cloud_sql",
            "module.main.module.api.google_project_service.compute",
            "module.main.module.api.google_project_service.iam",
            "module.main.module.api.google_project_service.pubsub",
            "module.main.module.api.google_project_service.secret_manager",
            "module.main.module.api.google_project_service.service_networking"
          ]
        }
      ]
    },
    {
      "module": "module.main.module.iam",
      "mode": "managed",
      "type": "google_project_iam_member",
      "name": "driplet_service_cloudsql_connector",
      "provider": "module.main.provider[\"registry.terraform.io/hashicorp/google\"]",
      "instances": [
        {
          "schema_version": 0,
          "attributes": {
            "condition": [],
            "etag": "BwYnNH9DIlw=",
            "id": "driplet-core-dev/roles/cloudsql.client/serviceAccount:driplet-service-account@driplet-core-dev.iam.gserviceaccount.com",
            "member": "serviceAccount:driplet-service-account@driplet-core-dev.iam.gserviceaccount.com",
            "project": "driplet-core-dev",
            "role": "roles/cloudsql.client"
          },
          "sensitive_attributes": [],
          "private": "bnVsbA==",
          "dependencies": [
            "module.main.module.iam.google_service_account.driplet_service_account"
          ]
        }
      ]
    },
    {
      "module": "module.main.module.iam",
      "mode": "managed",
      "type": "google_project_iam_member",
      "name": "driplet_service_pubsub_publisher",
      "provider": "module.main.provider[\"registry.terraform.io/hashicorp/google\"]",
      "instances": [
        {
          "schema_version": 0,
          "attributes": {
            "condition": [],
            "etag": "BwYnNH9DIlw=",
            "id": "driplet-core-dev/roles/pubsub.admin/serviceAccount:driplet-service-account@driplet-core-dev.iam.gserviceaccount.com",
            "member": "serviceAccount:driplet-service-account@driplet-core-dev.iam.gserviceaccount.com",
            "project": "driplet-core-dev",
            "role": "roles/pubsub.admin"
          },
          "sensitive_attributes": [],
          "private": "bnVsbA==",
          "dependencies": [
            "module.main.module.iam.google_service_account.driplet_service_account"
          ]
        }
      ]
    },
    {
      "module": "module.main.module.iam",
      "mode": "managed",
      "type": "google_project_iam_member",
      "name": "pubsub_bigquery_access",
      "provider": "module.main.provider[\"registry.terraform.io/hashicorp/google\"]",
      "instances": [
        {
          "schema_version": 0,
          "attributes": {
            "condition": [],
            "etag": "BwYnNH9DIlw=",
            "id": "driplet-core-dev/roles/bigquery.dataEditor/serviceAccount:driplet-service-account@driplet-core-dev.iam.gserviceaccount.com",
            "member": "serviceAccount:driplet-service-account@driplet-core-dev.iam.gserviceaccount.com",
            "project": "driplet-core-dev",
            "role": "roles/bigquery.dataEditor"
          },
          "sensitive_attributes": [],
          "private": "bnVsbA==",
          "dependencies": [
            "module.main.module.iam.google_service_account.driplet_service_account"
          ]
        }
      ]
    },
    {
      "module": "module.main.module.iam",
      "mode": "managed",
      "type": "google_project_iam_member",
      "name": "pubsub_bigquery_writer",
      "provider": "module.main.provider[\"registry.terraform.io/hashicorp/google\"]",
      "instances": [
        {
          "schema_version": 0,
          "attributes": {
            "condition": [],
            "etag": "BwYnNH9DIlw=",
            "id": "driplet-core-dev/roles/bigquery.dataEditor/serviceAccount:service-195952802985@gcp-sa-pubsub.iam.gserviceaccount.com",
            "member": "serviceAccount:service-195952802985@gcp-sa-pubsub.iam.gserviceaccount.com",
            "project": "driplet-core-dev",
            "role": "roles/bigquery.dataEditor"
          },
          "sensitive_attributes": [],
          "private": "bnVsbA==",
          "dependencies": [
            "module.main.module.iam.google_project_service_identity.pubsub"
          ]
        }
      ]
    },
    {
      "module": "module.main.module.iam",
      "mode": "managed",
      "type": "google_project_service_identity",
      "name": "pubsub",
      "provider": "provider[\"registry.terraform.io/hashicorp/google-beta\"]",
      "instances": [
        {
          "schema_version": 0,
          "attributes": {
            "email": "service-195952802985@gcp-sa-pubsub.iam.gserviceaccount.com",
            "id": "projects/driplet-core-dev/services/pubsub.googleapis.com",
            "member": "serviceAccount:service-195952802985@gcp-sa-pubsub.iam.gserviceaccount.com",
            "project": "driplet-core-dev",
            "service": "pubsub.googleapis.com",
            "timeouts": null
          },
          "sensitive_attributes": [],
          "private": "eyJlMmJmYjczMC1lY2FhLTExZTYtOGY4OC0zNDM2M2JjN2M0YzAiOnsiY3JlYXRlIjoxMjAwMDAwMDAwMDAwLCJkZWxldGUiOjEyMDAwMDAwMDAwMDAsInJlYWQiOjYwMDAwMDAwMDAwMH19"
        }
      ]
    },
    {
      "module": "module.main.module.iam",
      "mode": "managed",
      "type": "google_service_account",
      "name": "driplet_service_account",
      "provider": "module.main.provider[\"registry.terraform.io/hashicorp/google\"]",
      "instances": [
        {
          "schema_version": 0,
          "attributes": {
            "account_id": "driplet-service-account",
            "create_ignore_already_exists": null,
            "description": "",
            "disabled": false,
            "display_name": "Driplet Service Account",
            "email": "driplet-service-account@driplet-core-dev.iam.gserviceaccount.com",
            "id": "projects/driplet-core-dev/serviceAccounts/driplet-service-account@driplet-core-dev.iam.gserviceaccount.com",
            "member": "serviceAccount:driplet-service-account@driplet-core-dev.iam.gserviceaccount.com",
            "name": "projects/driplet-core-dev/serviceAccounts/driplet-service-account@driplet-core-dev.iam.gserviceaccount.com",
            "project": "driplet-core-dev",
            "timeouts": null,
            "unique_id": "108709542517555473549"
          },
          "sensitive_attributes": [],
          "private": "eyJlMmJmYjczMC1lY2FhLTExZTYtOGY4OC0zNDM2M2JjN2M0YzAiOnsiY3JlYXRlIjozMDAwMDAwMDAwMDB9fQ=="
        }
      ]
    },
    {
      "module": "module.main.module.network",
      "mode": "managed",
      "type": "google_compute_backend_service",
      "name": "driplet_backend",
      "provider": "module.main.provider[\"registry.terraform.io/hashicorp/google\"]",
      "instances": [
        {
          "schema_version": 1,
          "attributes": {
            "affinity_cookie_ttl_sec": 0,
            "backend": [
              {
                "balancing_mode": "UTILIZATION",
                "capacity_scaler": 1,
                "description": "",
                "group": "https://www.googleapis.com/compute/v1/projects/driplet-core-dev/regions/europe-west1/networkEndpointGroups/driplet-service-neg",
                "max_connections": 0,
                "max_connections_per_endpoint": 0,
                "max_connections_per_instance": 0,
                "max_rate": 0,
                "max_rate_per_endpoint": 0,
                "max_rate_per_instance": 0,
                "max_utilization": 0
              }
            ],
            "cdn_policy": [],
            "circuit_breakers": [],
            "compression_mode": "",
            "connection_draining_timeout_sec": 300,
            "consistent_hash": [],
            "creation_timestamp": "2024-11-14T12:53:58.874-08:00",
            "custom_request_headers": [],
            "custom_response_headers": [],
            "description": "",
            "edge_security_policy": "",
            "enable_cdn": false,
            "fingerprint": "j_pVdHz9chw=",
            "generated_id": 1922738204471713161,
            "health_checks": [],
            "iap": [],
            "id": "projects/driplet-core-dev/global/backendServices/driplet-cloud-run-backend",
            "ip_address_selection_policy": "",
            "load_balancing_scheme": "EXTERNAL",
            "locality_lb_policies": [],
            "locality_lb_policy": "",
            "log_config": [],
            "name": "driplet-cloud-run-backend",
            "outlier_detection": [],
            "port_name": "http",
            "project": "driplet-core-dev",
            "protocol": "HTTP",
            "security_policy": "",
            "security_settings": [],
            "self_link": "https://www.googleapis.com/compute/v1/projects/driplet-core-dev/global/backendServices/driplet-cloud-run-backend",
            "service_lb_policy": "",
            "session_affinity": "NONE",
            "strong_session_affinity_cookie": [],
            "timeout_sec": 30,
            "timeouts": null
          },
          "sensitive_attributes": [],
          "private": "eyJlMmJmYjczMC1lY2FhLTExZTYtOGY4OC0zNDM2M2JjN2M0YzAiOnsiY3JlYXRlIjoxMjAwMDAwMDAwMDAwLCJkZWxldGUiOjEyMDAwMDAwMDAwMDAsInVwZGF0ZSI6MTIwMDAwMDAwMDAwMH0sInNjaGVtYV92ZXJzaW9uIjoiMSJ9",
          "dependencies": [
            "module.main.module.api.google_project_service.artifact_registry",
            "module.main.module.api.google_project_service.bigquery",
            "module.main.module.api.google_project_service.cloud_run",
            "module.main.module.api.google_project_service.cloud_sql",
            "module.main.module.api.google_project_service.compute",
            "module.main.module.api.google_project_service.iam",
            "module.main.module.api.google_project_service.pubsub",
            "module.main.module.api.google_project_service.secret_manager",
            "module.main.module.api.google_project_service.service_networking",
            "module.main.module.compute.google_cloud_run_v2_service.driplet_service",
            "module.main.module.database.google_sql_database_instance.driplet_application_db",
            "module.main.module.database.google_sql_user.driplet_application_db_user",
            "module.main.module.database.random_password.driplet_application_db_password",
            "module.main.module.iam.google_service_account.driplet_service_account",
            "module.main.module.network.google_compute_region_network_endpoint_group.driplet_service_neg",
            "module.main.module.secrets.google_secret_manager_secret.oauth2_client_id",
            "module.main.module.secrets.google_secret_manager_secret.oauth2_client_secret",
            "module.main.module.secrets.google_secret_manager_secret.session_secret",
            "module.main.module.secrets.google_secret_manager_secret_iam_member.oauth2_client_id_member",
            "module.main.module.secrets.google_secret_manager_secret_iam_member.oauth2_client_secret_member",
            "module.main.module.secrets.google_secret_manager_secret_iam_member.session_auth_secret"
          ]
        }
      ]
    },
    {
      "module": "module.main.module.network",
      "mode": "managed",
      "type": "google_compute_firewall",
      "name": "ingress",
      "provider": "module.main.provider[\"registry.terraform.io/hashicorp/google\"]",
      "instances": [
        {
          "schema_version": 1,
          "attributes": {
            "allow": [
              {
                "ports": [
                  "80",
                  "443"
                ],
                "protocol": "tcp"
              }
            ],
            "creation_timestamp": "2024-11-14T11:58:14.543-08:00",
            "deny": [],
            "description": "",
            "destination_ranges": [],
            "direction": "INGRESS",
            "disabled": false,
            "enable_logging": null,
            "id": "projects/driplet-core-dev/global/firewalls/allow-http-https",
            "log_config": [],
            "name": "allow-http-https",
            "network": "https://www.googleapis.com/compute/v1/projects/driplet-core-dev/global/networks/driplet-vpc",
            "priority": 1000,
            "project": "driplet-core-dev",
            "self_link": "https://www.googleapis.com/compute/v1/projects/driplet-core-dev/global/firewalls/allow-http-https",
            "source_ranges": [
              "0.0.0.0/0"
            ],
            "source_service_accounts": [],
            "source_tags": [],
            "target_service_accounts": [],
            "target_tags": [],
            "timeouts": null
          },
          "sensitive_attributes": [],
          "private": "eyJlMmJmYjczMC1lY2FhLTExZTYtOGY4OC0zNDM2M2JjN2M0YzAiOnsiY3JlYXRlIjoxMjAwMDAwMDAwMDAwLCJkZWxldGUiOjEyMDAwMDAwMDAwMDAsInVwZGF0ZSI6MTIwMDAwMDAwMDAwMH0sInNjaGVtYV92ZXJzaW9uIjoiMSJ9",
          "dependencies": [
            "module.main.module.api.google_project_service.artifact_registry",
            "module.main.module.api.google_project_service.bigquery",
            "module.main.module.api.google_project_service.cloud_run",
            "module.main.module.api.google_project_service.cloud_sql",
            "module.main.module.api.google_project_service.compute",
            "module.main.module.api.google_project_service.iam",
            "module.main.module.api.google_project_service.pubsub",
            "module.main.module.api.google_project_service.secret_manager",
            "module.main.module.api.google_project_service.service_networking",
            "module.main.module.network.google_compute_network.driplet_vpc_network"
          ]
        }
      ]
    },
    {
      "module": "module.main.module.network",
      "mode": "managed",
      "type": "google_compute_global_address",
      "name": "new_loadbalancer_ip",
      "provider": "module.main.provider[\"registry.terraform.io/hashicorp/google\"]",
      "instances": [
        {
          "schema_version": 0,
          "attributes": {
            "address": "34.8.81.159",
            "address_type": "EXTERNAL",
            "creation_timestamp": "2024-11-14T12:04:37.760-08:00",
            "description": "",
            "effective_labels": {
              "goog-terraform-provisioned": "true"
            },
            "id": "projects/driplet-core-dev/global/addresses/loadbalancer-ip",
            "ip_version": "",
            "label_fingerprint": "vezUS-42LLM=",
            "labels": {},
            "name": "loadbalancer-ip",
            "network": "",
            "prefix_length": 0,
            "project": "driplet-core-dev",
            "purpose": "",
            "self_link": "https://www.googleapis.com/compute/v1/projects/driplet-core-dev/global/addresses/loadbalancer-ip",
            "terraform_labels": {
              "goog-terraform-provisioned": "true"
            },
            "timeouts": null
          },
          "sensitive_attributes": [],
          "private": "eyJlMmJmYjczMC1lY2FhLTExZTYtOGY4OC0zNDM2M2JjN2M0YzAiOnsiY3JlYXRlIjoxMjAwMDAwMDAwMDAwLCJkZWxldGUiOjEyMDAwMDAwMDAwMDAsInVwZGF0ZSI6MTIwMDAwMDAwMDAwMH19",
          "dependencies": [
            "module.main.module.api.google_project_service.artifact_registry",
            "module.main.module.api.google_project_service.bigquery",
            "module.main.module.api.google_project_service.cloud_run",
            "module.main.module.api.google_project_service.cloud_sql",
            "module.main.module.api.google_project_service.compute",
            "module.main.module.api.google_project_service.iam",
            "module.main.module.api.google_project_service.pubsub",
            "module.main.module.api.google_project_service.secret_manager",
            "module.main.module.api.google_project_service.service_networking"
          ]
        }
      ]
    },
    {
      "module": "module.main.module.network",
      "mode": "managed",
      "type": "google_compute_global_forwarding_rule",
      "name": "driplet_http_forwarding_rule",
      "provider": "module.main.provider[\"registry.terraform.io/hashicorp/google\"]",
      "instances": [
        {
          "schema_version": 0,
          "attributes": {
            "base_forwarding_rule": "",
            "description": "",
            "effective_labels": {},
            "id": "projects/driplet-core-dev/global/forwardingRules/driplet-http-forwarding-rule",
            "ip_address": "34.8.81.159",
            "ip_protocol": "TCP",
            "ip_version": "",
            "label_fingerprint": "42WmSpB8rSM=",
            "labels": {},
            "load_balancing_scheme": "EXTERNAL",
            "metadata_filters": [],
            "name": "driplet-http-forwarding-rule",
            "network": "",
            "no_automate_dns_zone": null,
            "port_range": "80-80",
            "project": "driplet-core-dev",
            "psc_connection_id": "",
            "psc_connection_status": "",
            "self_link": "https://www.googleapis.com/compute/v1/projects/driplet-core-dev/global/forwardingRules/driplet-http-forwarding-rule",
            "service_directory_registrations": [],
            "source_ip_ranges": [],
            "subnetwork": "",
            "target": "https://www.googleapis.com/compute/v1/projects/driplet-core-dev/global/targetHttpProxies/http-proxy",
            "terraform_labels": {},
            "timeouts": null
          },
          "sensitive_attributes": [],
          "private": "eyJlMmJmYjczMC1lY2FhLTExZTYtOGY4OC0zNDM2M2JjN2M0YzAiOnsiY3JlYXRlIjoxMjAwMDAwMDAwMDAwLCJkZWxldGUiOjEyMDAwMDAwMDAwMDAsInVwZGF0ZSI6MTIwMDAwMDAwMDAwMH19",
          "dependencies": [
            "module.main.module.api.google_project_service.artifact_registry",
            "module.main.module.api.google_project_service.bigquery",
            "module.main.module.api.google_project_service.cloud_run",
            "module.main.module.api.google_project_service.cloud_sql",
            "module.main.module.api.google_project_service.compute",
            "module.main.module.api.google_project_service.iam",
            "module.main.module.api.google_project_service.pubsub",
            "module.main.module.api.google_project_service.secret_manager",
            "module.main.module.api.google_project_service.service_networking",
            "module.main.module.compute.google_cloud_run_v2_service.driplet_service",
            "module.main.module.database.google_sql_database_instance.driplet_application_db",
            "module.main.module.database.google_sql_user.driplet_application_db_user",
            "module.main.module.database.random_password.driplet_application_db_password",
            "module.main.module.iam.google_service_account.driplet_service_account",
            "module.main.module.network.google_compute_backend_service.driplet_backend",
            "module.main.module.network.google_compute_global_address.new_loadbalancer_ip",
            "module.main.module.network.google_compute_region_network_endpoint_group.driplet_service_neg",
            "module.main.module.network.google_compute_target_http_proxy.driplet_http_proxy",
            "module.main.module.network.google_compute_url_map.driplet_url_map",
            "module.main.module.secrets.google_secret_manager_secret.oauth2_client_id",
            "module.main.module.secrets.google_secret_manager_secret.oauth2_client_secret",
            "module.main.module.secrets.google_secret_manager_secret.session_secret",
            "module.main.module.secrets.google_secret_manager_secret_iam_member.oauth2_client_id_member",
            "module.main.module.secrets.google_secret_manager_secret_iam_member.oauth2_client_secret_member",
            "module.main.module.secrets.google_secret_manager_secret_iam_member.session_auth_secret"
          ]
        }
      ]
    },
    {
      "module": "module.main.module.network",
      "mode": "managed",
      "type": "google_compute_global_forwarding_rule",
      "name": "driplet_https_forwarding_rule",
      "provider": "module.main.provider[\"registry.terraform.io/hashicorp/google\"]",
      "instances": [
        {
          "schema_version": 0,
          "attributes": {
            "base_forwarding_rule": "",
            "description": "",
            "effective_labels": {},
            "id": "projects/driplet-core-dev/global/forwardingRules/driplet-https-forwarding-rule",
            "ip_address": "34.8.81.159",
            "ip_protocol": "TCP",
            "ip_version": "",
            "label_fingerprint": "42WmSpB8rSM=",
            "labels": {},
            "load_balancing_scheme": "EXTERNAL",
            "metadata_filters": [],
            "name": "driplet-https-forwarding-rule",
            "network": "",
            "no_automate_dns_zone": null,
            "port_range": "443-443",
            "project": "driplet-core-dev",
            "psc_connection_id": "",
            "psc_connection_status": "",
            "self_link": "https://www.googleapis.com/compute/v1/projects/driplet-core-dev/global/forwardingRules/driplet-https-forwarding-rule",
            "service_directory_registrations": [],
            "source_ip_ranges": [],
            "subnetwork": "",
            "target": "https://www.googleapis.com/compute/v1/projects/driplet-core-dev/global/targetHttpsProxies/driplet-https-proxy",
            "terraform_labels": {},
            "timeouts": null
          },
          "sensitive_attributes": [],
          "private": "eyJlMmJmYjczMC1lY2FhLTExZTYtOGY4OC0zNDM2M2JjN2M0YzAiOnsiY3JlYXRlIjoxMjAwMDAwMDAwMDAwLCJkZWxldGUiOjEyMDAwMDAwMDAwMDAsInVwZGF0ZSI6MTIwMDAwMDAwMDAwMH19",
          "dependencies": [
            "module.main.module.api.google_project_service.artifact_registry",
            "module.main.module.api.google_project_service.bigquery",
            "module.main.module.api.google_project_service.cloud_run",
            "module.main.module.api.google_project_service.cloud_sql",
            "module.main.module.api.google_project_service.compute",
            "module.main.module.api.google_project_service.iam",
            "module.main.module.api.google_project_service.pubsub",
            "module.main.module.api.google_project_service.secret_manager",
            "module.main.module.api.google_project_service.service_networking",
            "module.main.module.compute.google_cloud_run_v2_service.driplet_service",
            "module.main.module.database.google_sql_database_instance.driplet_application_db",
            "module.main.module.database.google_sql_user.driplet_application_db_user",
            "module.main.module.database.random_password.driplet_application_db_password",
            "module.main.module.iam.google_service_account.driplet_service_account",
            "module.main.module.network.google_compute_backend_service.driplet_backend",
            "module.main.module.network.google_compute_global_address.new_loadbalancer_ip",
            "module.main.module.network.google_compute_managed_ssl_certificate.driplet_ssl_cert",
            "module.main.module.network.google_compute_region_network_endpoint_group.driplet_service_neg",
            "module.main.module.network.google_compute_target_https_proxy.driplet_https_proxy",
            "module.main.module.network.google_compute_url_map.driplet_url_map",
            "module.main.module.secrets.google_secret_manager_secret.oauth2_client_id",
            "module.main.module.secrets.google_secret_manager_secret.oauth2_client_secret",
            "module.main.module.secrets.google_secret_manager_secret.session_secret",
            "module.main.module.secrets.google_secret_manager_secret_iam_member.oauth2_client_id_member",
            "module.main.module.secrets.google_secret_manager_secret_iam_member.oauth2_client_secret_member",
            "module.main.module.secrets.google_secret_manager_secret_iam_member.session_auth_secret"
          ]
        }
      ]
    },
    {
      "module": "module.main.module.network",
      "mode": "managed",
      "type": "google_compute_managed_ssl_certificate",
      "name": "driplet_ssl_cert",
      "provider": "module.main.provider[\"registry.terraform.io/hashicorp/google\"]",
      "instances": [
        {
          "schema_version": 0,
          "attributes": {
            "certificate_id": 5704097514326321466,
            "creation_timestamp": "2024-11-14T12:04:37.665-08:00",
            "description": "",
            "expire_time": "2025-02-12T12:43:02.000-08:00",
            "id": "projects/driplet-core-dev/global/sslCertificates/driplet-ssl-cert",
            "managed": [
              {
                "domains": [
                  "dev.driplet.codify.ch"
                ]
              }
            ],
            "name": "driplet-ssl-cert",
            "project": "driplet-core-dev",
            "self_link": "https://www.googleapis.com/compute/v1/projects/driplet-core-dev/global/sslCertificates/driplet-ssl-cert",
            "subject_alternative_names": [
              "dev.driplet.codify.ch"
            ],
            "timeouts": null,
            "type": "MANAGED"
          },
          "sensitive_attributes": [],
          "private": "eyJlMmJmYjczMC1lY2FhLTExZTYtOGY4OC0zNDM2M2JjN2M0YzAiOnsiY3JlYXRlIjoxODAwMDAwMDAwMDAwLCJkZWxldGUiOjE4MDAwMDAwMDAwMDB9fQ==",
          "dependencies": [
            "module.main.module.api.google_project_service.artifact_registry",
            "module.main.module.api.google_project_service.bigquery",
            "module.main.module.api.google_project_service.cloud_run",
            "module.main.module.api.google_project_service.cloud_sql",
            "module.main.module.api.google_project_service.compute",
            "module.main.module.api.google_project_service.iam",
            "module.main.module.api.google_project_service.pubsub",
            "module.main.module.api.google_project_service.secret_manager",
            "module.main.module.api.google_project_service.service_networking"
          ]
        }
      ]
    },
    {
      "module": "module.main.module.network",
      "mode": "managed",
      "type": "google_compute_network",
      "name": "driplet_vpc_network",
      "provider": "module.main.provider[\"registry.terraform.io/hashicorp/google\"]",
      "instances": [
        {
          "schema_version": 0,
          "attributes": {
            "auto_create_subnetworks": false,
            "delete_default_routes_on_create": false,
            "description": "",
            "enable_ula_internal_ipv6": false,
            "gateway_ipv4": "",
            "id": "projects/driplet-core-dev/global/networks/driplet-vpc",
            "internal_ipv6_range": "",
            "mtu": 0,
            "name": "driplet-vpc",
            "network_firewall_policy_enforcement_order": "AFTER_CLASSIC_FIREWALL",
            "numeric_id": "1879149307234085039",
            "project": "driplet-core-dev",
            "routing_mode": "REGIONAL",
            "self_link": "https://www.googleapis.com/compute/v1/projects/driplet-core-dev/global/networks/driplet-vpc",
            "timeouts": null
          },
          "sensitive_attributes": [],
          "private": "eyJlMmJmYjczMC1lY2FhLTExZTYtOGY4OC0zNDM2M2JjN2M0YzAiOnsiY3JlYXRlIjoxMjAwMDAwMDAwMDAwLCJkZWxldGUiOjEyMDAwMDAwMDAwMDAsInVwZGF0ZSI6MTIwMDAwMDAwMDAwMH19",
          "dependencies": [
            "module.main.module.api.google_project_service.artifact_registry",
            "module.main.module.api.google_project_service.bigquery",
            "module.main.module.api.google_project_service.cloud_run",
            "module.main.module.api.google_project_service.cloud_sql",
            "module.main.module.api.google_project_service.compute",
            "module.main.module.api.google_project_service.iam",
            "module.main.module.api.google_project_service.pubsub",
            "module.main.module.api.google_project_service.secret_manager",
            "module.main.module.api.google_project_service.service_networking"
          ]
        }
      ]
    },
    {
      "module": "module.main.module.network",
      "mode": "managed",
      "type": "google_compute_region_network_endpoint_group",
      "name": "driplet_service_neg",
      "provider": "module.main.provider[\"registry.terraform.io/hashicorp/google\"]",
      "instances": [
        {
          "schema_version": 0,
          "attributes": {
            "app_engine": [],
            "cloud_function": [],
            "cloud_run": [
              {
                "service": "driplet-service",
                "tag": "",
                "url_mask": ""
              }
            ],
            "description": "",
            "id": "projects/driplet-core-dev/regions/europe-west1/networkEndpointGroups/driplet-service-neg",
            "name": "driplet-service-neg",
            "network": "",
            "network_endpoint_type": "SERVERLESS",
            "project": "driplet-core-dev",
            "psc_target_service": "",
            "region": "https://www.googleapis.com/compute/v1/projects/driplet-core-dev/regions/europe-west1",
            "self_link": "https://www.googleapis.com/compute/v1/projects/driplet-core-dev/regions/europe-west1/networkEndpointGroups/driplet-service-neg",
            "subnetwork": "",
            "timeouts": null
          },
          "sensitive_attributes": [],
          "private": "eyJlMmJmYjczMC1lY2FhLTExZTYtOGY4OC0zNDM2M2JjN2M0YzAiOnsiY3JlYXRlIjoxMjAwMDAwMDAwMDAwLCJkZWxldGUiOjEyMDAwMDAwMDAwMDB9fQ==",
          "dependencies": [
            "module.main.module.api.google_project_service.artifact_registry",
            "module.main.module.api.google_project_service.bigquery",
            "module.main.module.api.google_project_service.cloud_run",
            "module.main.module.api.google_project_service.cloud_sql",
            "module.main.module.api.google_project_service.compute",
            "module.main.module.api.google_project_service.iam",
            "module.main.module.api.google_project_service.pubsub",
            "module.main.module.api.google_project_service.secret_manager",
            "module.main.module.api.google_project_service.service_networking",
            "module.main.module.compute.google_cloud_run_v2_service.driplet_service",
            "module.main.module.database.google_sql_database_instance.driplet_application_db",
            "module.main.module.database.google_sql_user.driplet_application_db_user",
            "module.main.module.database.random_password.driplet_application_db_password",
            "module.main.module.iam.google_service_account.driplet_service_account",
            "module.main.module.secrets.google_secret_manager_secret.oauth2_client_id",
            "module.main.module.secrets.google_secret_manager_secret.oauth2_client_secret",
            "module.main.module.secrets.google_secret_manager_secret.session_secret",
            "module.main.module.secrets.google_secret_manager_secret_iam_member.oauth2_client_id_member",
            "module.main.module.secrets.google_secret_manager_secret_iam_member.oauth2_client_secret_member",
            "module.main.module.secrets.google_secret_manager_secret_iam_member.session_auth_secret"
          ]
        }
      ]
    },
    {
      "module": "module.main.module.network",
      "mode": "managed",
      "type": "google_compute_subnetwork",
      "name": "driplet_vpc_subnet",
      "provider": "module.main.provider[\"registry.terraform.io/hashicorp/google\"]",
      "instances": [
        {
          "schema_version": 0,
          "attributes": {
            "creation_timestamp": "2024-11-14T11:58:16.739-08:00",
            "description": "",
            "external_ipv6_prefix": "",
            "fingerprint": null,
            "gateway_address": "10.0.1.1",
            "id": "projects/driplet-core-dev/regions/europe-west1/subnetworks/driplet-subnet",
            "internal_ipv6_prefix": "",
            "ip_cidr_range": "10.0.1.0/24",
            "ipv6_access_type": "",
            "ipv6_cidr_range": "",
            "log_config": [],
            "name": "driplet-subnet",
            "network": "https://www.googleapis.com/compute/v1/projects/driplet-core-dev/global/networks/driplet-vpc",
            "private_ip_google_access": false,
            "private_ipv6_google_access": "DISABLE_GOOGLE_ACCESS",
            "project": "driplet-core-dev",
            "purpose": "PRIVATE",
            "region": "europe-west1",
            "reserved_internal_range": "",
            "role": "",
            "secondary_ip_range": [],
            "self_link": "https://www.googleapis.com/compute/v1/projects/driplet-core-dev/regions/europe-west1/subnetworks/driplet-subnet",
            "send_secondary_ip_range_if_empty": null,
            "stack_type": "IPV4_ONLY",
            "timeouts": null
          },
          "sensitive_attributes": [],
          "private": "eyJlMmJmYjczMC1lY2FhLTExZTYtOGY4OC0zNDM2M2JjN2M0YzAiOnsiY3JlYXRlIjoxMjAwMDAwMDAwMDAwLCJkZWxldGUiOjEyMDAwMDAwMDAwMDAsInVwZGF0ZSI6MTIwMDAwMDAwMDAwMH19",
          "dependencies": [
            "module.main.module.api.google_project_service.artifact_registry",
            "module.main.module.api.google_project_service.bigquery",
            "module.main.module.api.google_project_service.cloud_run",
            "module.main.module.api.google_project_service.cloud_sql",
            "module.main.module.api.google_project_service.compute",
            "module.main.module.api.google_project_service.iam",
            "module.main.module.api.google_project_service.pubsub",
            "module.main.module.api.google_project_service.secret_manager",
            "module.main.module.api.google_project_service.service_networking",
            "module.main.module.network.google_compute_network.driplet_vpc_network"
          ]
        }
      ]
    },
    {
      "module": "module.main.module.network",
      "mode": "managed",
      "type": "google_compute_target_http_proxy",
      "name": "driplet_http_proxy",
      "provider": "module.main.provider[\"registry.terraform.io/hashicorp/google\"]",
      "instances": [
        {
          "schema_version": 0,
          "attributes": {
            "creation_timestamp": "2024-11-14T13:00:39.531-08:00",
            "description": "",
            "http_keep_alive_timeout_sec": 0,
            "id": "projects/driplet-core-dev/global/targetHttpProxies/http-proxy",
            "name": "http-proxy",
            "project": "driplet-core-dev",
            "proxy_bind": false,
            "proxy_id": 3310992331709864472,
            "self_link": "https://www.googleapis.com/compute/v1/projects/driplet-core-dev/global/targetHttpProxies/http-proxy",
            "timeouts": null,
            "url_map": "https://www.googleapis.com/compute/v1/projects/driplet-core-dev/global/urlMaps/driplet-url-map"
          },
          "sensitive_attributes": [],
          "private": "eyJlMmJmYjczMC1lY2FhLTExZTYtOGY4OC0zNDM2M2JjN2M0YzAiOnsiY3JlYXRlIjoxMjAwMDAwMDAwMDAwLCJkZWxldGUiOjEyMDAwMDAwMDAwMDAsInVwZGF0ZSI6MTIwMDAwMDAwMDAwMH19",
          "dependencies": [
            "module.main.module.api.google_project_service.artifact_registry",
            "module.main.module.api.google_project_service.bigquery",
            "module.main.module.api.google_project_service.cloud_run",
            "module.main.module.api.google_project_service.cloud_sql",
            "module.main.module.api.google_project_service.compute",
            "module.main.module.api.google_project_service.iam",
            "module.main.module.api.google_project_service.pubsub",
            "module.main.module.api.google_project_service.secret_manager",
            "module.main.module.api.google_project_service.service_networking",
            "module.main.module.compute.google_cloud_run_v2_service.driplet_service",
            "module.main.module.database.google_sql_database_instance.driplet_application_db",
            "module.main.module.database.google_sql_user.driplet_application_db_user",
            "module.main.module.database.random_password.driplet_application_db_password",
            "module.main.module.iam.google_service_account.driplet_service_account",
            "module.main.module.network.google_compute_backend_service.driplet_backend",
            "module.main.module.network.google_compute_region_network_endpoint_group.driplet_service_neg",
            "module.main.module.network.google_compute_url_map.driplet_url_map",
            "module.main.module.secrets.google_secret_manager_secret.oauth2_client_id",
            "module.main.module.secrets.google_secret_manager_secret.oauth2_client_secret",
            "module.main.module.secrets.google_secret_manager_secret.session_secret",
            "module.main.module.secrets.google_secret_manager_secret_iam_member.oauth2_client_id_member",
            "module.main.module.secrets.google_secret_manager_secret_iam_member.oauth2_client_secret_member",
            "module.main.module.secrets.google_secret_manager_secret_iam_member.session_auth_secret"
          ]
        }
      ]
    },
    {
      "module": "module.main.module.network",
      "mode": "managed",
      "type": "google_compute_target_https_proxy",
      "name": "driplet_https_proxy",
      "provider": "module.main.provider[\"registry.terraform.io/hashicorp/google\"]",
      "instances": [
        {
          "schema_version": 0,
          "attributes": {
            "certificate_manager_certificates": [],
            "certificate_map": "",
            "creation_timestamp": "2024-11-14T13:00:39.590-08:00",
            "description": "",
            "http_keep_alive_timeout_sec": 0,
            "id": "projects/driplet-core-dev/global/targetHttpsProxies/driplet-https-proxy",
            "name": "driplet-https-proxy",
            "project": "driplet-core-dev",
            "proxy_bind": false,
            "proxy_id": 2864095568607304216,
            "quic_override": "NONE",
            "self_link": "https://www.googleapis.com/compute/v1/projects/driplet-core-dev/global/targetHttpsProxies/driplet-https-proxy",
            "server_tls_policy": "",
            "ssl_certificates": [
              "https://www.googleapis.com/compute/v1/projects/driplet-core-dev/global/sslCertificates/driplet-ssl-cert"
            ],
            "ssl_policy": "",
            "timeouts": null,
            "tls_early_data": "DISABLED",
            "url_map": "https://www.googleapis.com/compute/v1/projects/driplet-core-dev/global/urlMaps/driplet-url-map"
          },
          "sensitive_attributes": [],
          "private": "eyJlMmJmYjczMC1lY2FhLTExZTYtOGY4OC0zNDM2M2JjN2M0YzAiOnsiY3JlYXRlIjoxMjAwMDAwMDAwMDAwLCJkZWxldGUiOjEyMDAwMDAwMDAwMDAsInVwZGF0ZSI6MTIwMDAwMDAwMDAwMH19",
          "dependencies": [
            "module.main.module.api.google_project_service.artifact_registry",
            "module.main.module.api.google_project_service.bigquery",
            "module.main.module.api.google_project_service.cloud_run",
            "module.main.module.api.google_project_service.cloud_sql",
            "module.main.module.api.google_project_service.compute",
            "module.main.module.api.google_project_service.iam",
            "module.main.module.api.google_project_service.pubsub",
            "module.main.module.api.google_project_service.secret_manager",
            "module.main.module.api.google_project_service.service_networking",
            "module.main.module.compute.google_cloud_run_v2_service.driplet_service",
            "module.main.module.database.google_sql_database_instance.driplet_application_db",
            "module.main.module.database.google_sql_user.driplet_application_db_user",
            "module.main.module.database.random_password.driplet_application_db_password",
            "module.main.module.iam.google_service_account.driplet_service_account",
            "module.main.module.network.google_compute_backend_service.driplet_backend",
            "module.main.module.network.google_compute_managed_ssl_certificate.driplet_ssl_cert",
            "module.main.module.network.google_compute_region_network_endpoint_group.driplet_service_neg",
            "module.main.module.network.google_compute_url_map.driplet_url_map",
            "module.main.module.secrets.google_secret_manager_secret.oauth2_client_id",
            "module.main.module.secrets.google_secret_manager_secret.oauth2_client_secret",
            "module.main.module.secrets.google_secret_manager_secret.session_secret",
            "module.main.module.secrets.google_secret_manager_secret_iam_member.oauth2_client_id_member",
            "module.main.module.secrets.google_secret_manager_secret_iam_member.oauth2_client_secret_member",
            "module.main.module.secrets.google_secret_manager_secret_iam_member.session_auth_secret"
          ]
        }
      ]
    },
    {
      "module": "module.main.module.network",
      "mode": "managed",
      "type": "google_compute_url_map",
      "name": "driplet_url_map",
      "provider": "module.main.provider[\"registry.terraform.io/hashicorp/google\"]",
      "instances": [
        {
          "schema_version": 0,
          "attributes": {
            "creation_timestamp": "2024-11-14T13:00:28.072-08:00",
            "default_route_action": [],
            "default_service": "",
            "default_url_redirect": [
              {
                "host_redirect": "",
                "https_redirect": true,
                "path_redirect": "",
                "prefix_redirect": "",
                "redirect_response_code": "",
                "strip_query": true
              }
            ],
            "description": "",
            "fingerprint": "B6nsvwyRsow=",
            "header_action": [],
            "host_rule": [
              {
                "description": "",
                "hosts": [
                  "*"
                ],
                "path_matcher": "catch-all"
              }
            ],
            "id": "projects/driplet-core-dev/global/urlMaps/driplet-url-map",
            "map_id": 6014141634237422083,
            "name": "driplet-url-map",
            "path_matcher": [
              {
                "default_route_action": [],
                "default_service": "https://www.googleapis.com/compute/v1/projects/driplet-core-dev/global/backendServices/driplet-cloud-run-backend",
                "default_url_redirect": [],
                "description": "",
                "header_action": [],
                "name": "catch-all",
                "path_rule": [],
                "route_rules": []
              }
            ],
            "project": "driplet-core-dev",
            "self_link": "https://www.googleapis.com/compute/v1/projects/driplet-core-dev/global/urlMaps/driplet-url-map",
            "test": [],
            "timeouts": null
          },
          "sensitive_attributes": [],
          "private": "eyJlMmJmYjczMC1lY2FhLTExZTYtOGY4OC0zNDM2M2JjN2M0YzAiOnsiY3JlYXRlIjoxMjAwMDAwMDAwMDAwLCJkZWxldGUiOjEyMDAwMDAwMDAwMDAsInVwZGF0ZSI6MTIwMDAwMDAwMDAwMH19",
          "dependencies": [
            "module.main.module.api.google_project_service.artifact_registry",
            "module.main.module.api.google_project_service.bigquery",
            "module.main.module.api.google_project_service.cloud_run",
            "module.main.module.api.google_project_service.cloud_sql",
            "module.main.module.api.google_project_service.compute",
            "module.main.module.api.google_project_service.iam",
            "module.main.module.api.google_project_service.pubsub",
            "module.main.module.api.google_project_service.secret_manager",
            "module.main.module.api.google_project_service.service_networking",
            "module.main.module.compute.google_cloud_run_v2_service.driplet_service",
            "module.main.module.database.google_sql_database_instance.driplet_application_db",
            "module.main.module.database.google_sql_user.driplet_application_db_user",
            "module.main.module.database.random_password.driplet_application_db_password",
            "module.main.module.iam.google_service_account.driplet_service_account",
            "module.main.module.network.google_compute_backend_service.driplet_backend",
            "module.main.module.network.google_compute_region_network_endpoint_group.driplet_service_neg",
            "module.main.module.secrets.google_secret_manager_secret.oauth2_client_id",
            "module.main.module.secrets.google_secret_manager_secret.oauth2_client_secret",
            "module.main.module.secrets.google_secret_manager_secret.session_secret",
            "module.main.module.secrets.google_secret_manager_secret_iam_member.oauth2_client_id_member",
            "module.main.module.secrets.google_secret_manager_secret_iam_member.oauth2_client_secret_member",
            "module.main.module.secrets.google_secret_manager_secret_iam_member.session_auth_secret"
          ]
        }
      ]
    },
    {
      "module": "module.main.module.pubsub",
      "mode": "managed",
      "type": "google_pubsub_subscription",
      "name": "bigquery_subscription",
      "provider": "module.main.provider[\"registry.terraform.io/hashicorp/google\"]",
      "instances": [
        {
          "schema_version": 0,
          "attributes": {
            "ack_deadline_seconds": 600,
            "bigquery_config": [
              {
                "drop_unknown_fields": true,
                "service_account_email": "",
                "table": "driplet-core-dev.source.client_events",
                "use_table_schema": false,
                "use_topic_schema": false,
                "write_metadata": false
              }
            ],
            "cloud_storage_config": [],
            "dead_letter_policy": [],
            "effective_labels": {
              "goog-terraform-provisioned": "true"
            },
            "enable_exactly_once_delivery": false,
            "enable_message_ordering": false,
            "expiration_policy": [
              {
                "ttl": "2678400s"
              }
            ],
            "filter": "",
            "id": "projects/driplet-core-dev/subscriptions/client-events-bigquery",
            "labels": {},
            "message_retention_duration": "604800s",
            "name": "client-events-bigquery",
            "project": "driplet-core-dev",
            "push_config": [],
            "retain_acked_messages": false,
            "retry_policy": [],
            "terraform_labels": {
              "goog-terraform-provisioned": "true"
            },
            "timeouts": null,
            "topic": "projects/driplet-core-dev/topics/client-events"
          },
          "sensitive_attributes": [],
          "private": "eyJlMmJmYjczMC1lY2FhLTExZTYtOGY4OC0zNDM2M2JjN2M0YzAiOnsiY3JlYXRlIjoxMjAwMDAwMDAwMDAwLCJkZWxldGUiOjEyMDAwMDAwMDAwMDAsInVwZGF0ZSI6MTIwMDAwMDAwMDAwMH19",
          "dependencies": [
            "module.main.module.pubsub.google_pubsub_topic.client_events"
          ]
        }
      ]
    },
    {
      "module": "module.main.module.pubsub",
      "mode": "managed",
      "type": "google_pubsub_topic",
      "name": "client_events",
      "provider": "module.main.provider[\"registry.terraform.io/hashicorp/google\"]",
      "instances": [
        {
          "schema_version": 0,
          "attributes": {
            "effective_labels": {
              "goog-terraform-provisioned": "true"
            },
            "id": "projects/driplet-core-dev/topics/client-events",
            "ingestion_data_source_settings": [],
            "kms_key_name": "",
            "labels": {},
            "message_retention_duration": "604800s",
            "message_storage_policy": [],
            "name": "client-events",
            "project": "driplet-core-dev",
            "schema_settings": [],
            "terraform_labels": {
              "goog-terraform-provisioned": "true"
            },
            "timeouts": null
          },
          "sensitive_attributes": [],
          "private": "eyJlMmJmYjczMC1lY2FhLTExZTYtOGY4OC0zNDM2M2JjN2M0YzAiOnsiY3JlYXRlIjoxMjAwMDAwMDAwMDAwLCJkZWxldGUiOjEyMDAwMDAwMDAwMDAsInVwZGF0ZSI6MTIwMDAwMDAwMDAwMH19"
        }
      ]
    },
    {
      "module": "module.main.module.registry",
      "mode": "managed",
      "type": "google_artifact_registry_repository",
      "name": "driplet_registry",
      "provider": "module.main.provider[\"registry.terraform.io/hashicorp/google\"]",
      "instances": [
        {
          "schema_version": 0,
          "attributes": {
            "cleanup_policies": [
              {
                "action": "DELETE",
                "condition": [
                  {
                    "newer_than": "",
                    "older_than": "432000s",
                    "package_name_prefixes": [],
                    "tag_prefixes": [],
                    "tag_state": "ANY",
                    "version_name_prefixes": []
                  }
                ],
                "id": "delete_old_images",
                "most_recent_versions": []
              },
              {
                "action": "KEEP",
                "condition": [],
                "id": "keep_last_2_versions",
                "most_recent_versions": [
                  {
                    "keep_count": 2,
                    "package_name_prefixes": []
                  }
                ]
              }
            ],
            "cleanup_policy_dry_run": false,
            "create_time": "2024-11-14T19:58:02.943016Z",
            "description": "Driplet Repository",
            "docker_config": [],
            "effective_labels": {
              "goog-terraform-provisioned": "true"
            },
            "format": "DOCKER",
            "id": "projects/driplet-core-dev/locations/europe-west1/repositories/driplet-repository",
            "kms_key_name": "",
            "labels": {},
            "location": "europe-west1",
            "maven_config": [],
            "mode": "STANDARD_REPOSITORY",
            "name": "driplet-repository",
            "project": "driplet-core-dev",
            "remote_repository_config": [],
            "repository_id": "driplet-repository",
            "terraform_labels": {
              "goog-terraform-provisioned": "true"
            },
            "timeouts": null,
            "update_time": "2024-11-14T20:52:59.325843Z",
            "virtual_repository_config": []
          },
          "sensitive_attributes": [],
          "private": "eyJlMmJmYjczMC1lY2FhLTExZTYtOGY4OC0zNDM2M2JjN2M0YzAiOnsiY3JlYXRlIjoxMjAwMDAwMDAwMDAwLCJkZWxldGUiOjEyMDAwMDAwMDAwMDAsInVwZGF0ZSI6MTIwMDAwMDAwMDAwMH19"
        }
      ]
    },
    {
      "module": "module.main.module.secrets",
      "mode": "managed",
      "type": "google_secret_manager_secret",
      "name": "oauth2_client_id",
      "provider": "module.main.provider[\"registry.terraform.io/hashicorp/google\"]",
      "instances": [
        {
          "schema_version": 0,
          "attributes": {
            "annotations": {},
            "create_time": "2024-11-14T20:05:31.673532Z",
            "effective_annotations": {},
            "effective_labels": {
              "component": "driplet",
              "goog-terraform-provisioned": "true",
              "managed": "terraform"
            },
            "expire_time": "",
            "id": "projects/driplet-core-dev/secrets/oauth2-client-id",
            "labels": {
              "component": "driplet",
              "managed": "terraform"
            },
            "name": "projects/195952802985/secrets/oauth2-client-id",
            "project": "driplet-core-dev",
            "replication": [
              {
                "auto": [],
                "user_managed": [
                  {
                    "replicas": [
                      {
                        "customer_managed_encryption": [],
                        "location": "europe-west1"
                      }
                    ]
                  }
                ]
              }
            ],
            "rotation": [],
            "secret_id": "oauth2-client-id",
            "terraform_labels": {
              "component": "driplet",
              "goog-terraform-provisioned": "true",
              "managed": "terraform"
            },
            "timeouts": null,
            "topics": [],
            "ttl": null,
            "version_aliases": {},
            "version_destroy_ttl": ""
          },
          "sensitive_attributes": [],
          "private": "eyJlMmJmYjczMC1lY2FhLTExZTYtOGY4OC0zNDM2M2JjN2M0YzAiOnsiY3JlYXRlIjoxMjAwMDAwMDAwMDAwLCJkZWxldGUiOjEyMDAwMDAwMDAwMDAsInVwZGF0ZSI6MTIwMDAwMDAwMDAwMH19",
          "dependencies": [
            "module.main.module.api.google_project_service.artifact_registry",
            "module.main.module.api.google_project_service.bigquery",
            "module.main.module.api.google_project_service.cloud_run",
            "module.main.module.api.google_project_service.cloud_sql",
            "module.main.module.api.google_project_service.compute",
            "module.main.module.api.google_project_service.iam",
            "module.main.module.api.google_project_service.pubsub",
            "module.main.module.api.google_project_service.secret_manager",
            "module.main.module.api.google_project_service.service_networking"
          ]
        }
      ]
    },
    {
      "module": "module.main.module.secrets",
      "mode": "managed",
      "type": "google_secret_manager_secret",
      "name": "oauth2_client_secret",
      "provider": "module.main.provider[\"registry.terraform.io/hashicorp/google\"]",
      "instances": [
        {
          "schema_version": 0,
          "attributes": {
            "annotations": {},
            "create_time": "2024-11-14T20:04:38.902279Z",
            "effective_annotations": {},
            "effective_labels": {
              "component": "driplet",
              "goog-terraform-provisioned": "true",
              "managed": "terraform"
            },
            "expire_time": "",
            "id": "projects/driplet-core-dev/secrets/oauth2-client-secret",
            "labels": {
              "component": "driplet",
              "managed": "terraform"
            },
            "name": "projects/195952802985/secrets/oauth2-client-secret",
            "project": "driplet-core-dev",
            "replication": [
              {
                "auto": [],
                "user_managed": [
                  {
                    "replicas": [
                      {
                        "customer_managed_encryption": [],
                        "location": "europe-west1"
                      }
                    ]
                  }
                ]
              }
            ],
            "rotation": [],
            "secret_id": "oauth2-client-secret",
            "terraform_labels": {
              "component": "driplet",
              "goog-terraform-provisioned": "true",
              "managed": "terraform"
            },
            "timeouts": null,
            "topics": [],
            "ttl": null,
            "version_aliases": {},
            "version_destroy_ttl": ""
          },
          "sensitive_attributes": [],
          "private": "eyJlMmJmYjczMC1lY2FhLTExZTYtOGY4OC0zNDM2M2JjN2M0YzAiOnsiY3JlYXRlIjoxMjAwMDAwMDAwMDAwLCJkZWxldGUiOjEyMDAwMDAwMDAwMDAsInVwZGF0ZSI6MTIwMDAwMDAwMDAwMH19",
          "dependencies": [
            "module.main.module.api.google_project_service.artifact_registry",
            "module.main.module.api.google_project_service.bigquery",
            "module.main.module.api.google_project_service.cloud_run",
            "module.main.module.api.google_project_service.cloud_sql",
            "module.main.module.api.google_project_service.compute",
            "module.main.module.api.google_project_service.iam",
            "module.main.module.api.google_project_service.pubsub",
            "module.main.module.api.google_project_service.secret_manager",
            "module.main.module.api.google_project_service.service_networking"
          ]
        }
      ]
    },
    {
      "module": "module.main.module.secrets",
      "mode": "managed",
      "type": "google_secret_manager_secret",
      "name": "session_secret",
      "provider": "module.main.provider[\"registry.terraform.io/hashicorp/google\"]",
      "instances": [
        {
          "schema_version": 0,
          "attributes": {
            "annotations": {},
            "create_time": "2024-11-14T20:04:39.987444Z",
            "effective_annotations": {},
            "effective_labels": {
              "component": "driplet",
              "goog-terraform-provisioned": "true",
              "managed": "terraform"
            },
            "expire_time": "",
            "id": "projects/driplet-core-dev/secrets/session-secret",
            "labels": {
              "component": "driplet",
              "managed": "terraform"
            },
            "name": "projects/195952802985/secrets/session-secret",
            "project": "driplet-core-dev",
            "replication": [
              {
                "auto": [],
                "user_managed": [
                  {
                    "replicas": [
                      {
                        "customer_managed_encryption": [],
                        "location": "europe-west1"
                      }
                    ]
                  }
                ]
              }
            ],
            "rotation": [],
            "secret_id": "session-secret",
            "terraform_labels": {
              "component": "driplet",
              "goog-terraform-provisioned": "true",
              "managed": "terraform"
            },
            "timeouts": null,
            "topics": [],
            "ttl": null,
            "version_aliases": {},
            "version_destroy_ttl": ""
          },
          "sensitive_attributes": [],
          "private": "eyJlMmJmYjczMC1lY2FhLTExZTYtOGY4OC0zNDM2M2JjN2M0YzAiOnsiY3JlYXRlIjoxMjAwMDAwMDAwMDAwLCJkZWxldGUiOjEyMDAwMDAwMDAwMDAsInVwZGF0ZSI6MTIwMDAwMDAwMDAwMH19",
          "dependencies": [
            "module.main.module.api.google_project_service.artifact_registry",
            "module.main.module.api.google_project_service.bigquery",
            "module.main.module.api.google_project_service.cloud_run",
            "module.main.module.api.google_project_service.cloud_sql",
            "module.main.module.api.google_project_service.compute",
            "module.main.module.api.google_project_service.iam",
            "module.main.module.api.google_project_service.pubsub",
            "module.main.module.api.google_project_service.secret_manager",
            "module.main.module.api.google_project_service.service_networking"
          ]
        }
      ]
    },
    {
      "module": "module.main.module.secrets",
      "mode": "managed",
      "type": "google_secret_manager_secret_iam_member",
      "name": "oauth2_client_id_member",
      "provider": "module.main.provider[\"registry.terraform.io/hashicorp/google\"]",
      "instances": [
        {
          "schema_version": 0,
          "attributes": {
            "condition": [],
            "etag": "BwYm5PkK3Es=",
            "id": "projects/driplet-core-dev/secrets/oauth2-client-id/roles/secretmanager.secretAccessor/serviceAccount:driplet-service-account@driplet-core-dev.iam.gserviceaccount.com",
            "member": "serviceAccount:driplet-service-account@driplet-core-dev.iam.gserviceaccount.com",
            "project": "driplet-core-dev",
            "role": "roles/secretmanager.secretAccessor",
            "secret_id": "projects/driplet-core-dev/secrets/oauth2-client-id"
          },
          "sensitive_attributes": [],
          "private": "bnVsbA==",
          "dependencies": [
            "module.main.module.api.google_project_service.artifact_registry",
            "module.main.module.api.google_project_service.bigquery",
            "module.main.module.api.google_project_service.cloud_run",
            "module.main.module.api.google_project_service.cloud_sql",
            "module.main.module.api.google_project_service.compute",
            "module.main.module.api.google_project_service.iam",
            "module.main.module.api.google_project_service.pubsub",
            "module.main.module.api.google_project_service.secret_manager",
            "module.main.module.api.google_project_service.service_networking",
            "module.main.module.iam.google_service_account.driplet_service_account",
            "module.main.module.secrets.google_secret_manager_secret.oauth2_client_id"
          ]
        }
      ]
    },
    {
      "module": "module.main.module.secrets",
      "mode": "managed",
      "type": "google_secret_manager_secret_iam_member",
      "name": "oauth2_client_secret_member",
      "provider": "module.main.provider[\"registry.terraform.io/hashicorp/google\"]",
      "instances": [
        {
          "schema_version": 0,
          "attributes": {
            "condition": [],
            "etag": "BwYm5PXip14=",
            "id": "projects/driplet-core-dev/secrets/oauth2-client-secret/roles/secretmanager.secretAccessor/serviceAccount:driplet-service-account@driplet-core-dev.iam.gserviceaccount.com",
            "member": "serviceAccount:driplet-service-account@driplet-core-dev.iam.gserviceaccount.com",
            "project": "driplet-core-dev",
            "role": "roles/secretmanager.secretAccessor",
            "secret_id": "projects/driplet-core-dev/secrets/oauth2-client-secret"
          },
          "sensitive_attributes": [],
          "private": "bnVsbA==",
          "dependencies": [
            "module.main.module.api.google_project_service.artifact_registry",
            "module.main.module.api.google_project_service.bigquery",
            "module.main.module.api.google_project_service.cloud_run",
            "module.main.module.api.google_project_service.cloud_sql",
            "module.main.module.api.google_project_service.compute",
            "module.main.module.api.google_project_service.iam",
            "module.main.module.api.google_project_service.pubsub",
            "module.main.module.api.google_project_service.secret_manager",
            "module.main.module.api.google_project_service.service_networking",
            "module.main.module.iam.google_service_account.driplet_service_account",
            "module.main.module.secrets.google_secret_manager_secret.oauth2_client_secret"
          ]
        }
      ]
    },
    {
      "module": "module.main.module.secrets",
      "mode": "managed",
      "type": "google_secret_manager_secret_iam_member",
      "name": "session_auth_secret",
      "provider": "module.main.provider[\"registry.terraform.io/hashicorp/google\"]",
      "instances": [
        {
          "schema_version": 0,
          "attributes": {
            "condition": [],
            "etag": "BwYm5PX0ons=",
            "id": "projects/driplet-core-dev/secrets/session-secret/roles/secretmanager.secretAccessor/serviceAccount:driplet-service-account@driplet-core-dev.iam.gserviceaccount.com",
            "member": "serviceAccount:driplet-service-account@driplet-core-dev.iam.gserviceaccount.com",
            "project": "driplet-core-dev",
            "role": "roles/secretmanager.secretAccessor",
            "secret_id": "projects/driplet-core-dev/secrets/session-secret"
          },
          "sensitive_attributes": [],
          "private": "bnVsbA==",
          "dependencies": [
            "module.main.module.api.google_project_service.artifact_registry",
            "module.main.module.api.google_project_service.bigquery",
            "module.main.module.api.google_project_service.cloud_run",
            "module.main.module.api.google_project_service.cloud_sql",
            "module.main.module.api.google_project_service.compute",
            "module.main.module.api.google_project_service.iam",
            "module.main.module.api.google_project_service.pubsub",
            "module.main.module.api.google_project_service.secret_manager",
            "module.main.module.api.google_project_service.service_networking",
            "module.main.module.iam.google_service_account.driplet_service_account",
            "module.main.module.secrets.google_secret_manager_secret.session_secret"
          ]
        }
      ]
    }
  ],
  "check_results": null
}
